
Microsoft Visual Studio Solution File, Format Version 12.00
# Visual Studio Version 17
VisualStudioVersion = 17.9.34723.18
MinimumVisualStudioVersion = 10.0.40219.1
Project("{2150E333-8FDC-42A3-9474-1A3956D46DE8}") = "src", "src", "{9449E4D8-FAA0-426B-B531-1E022BA6E366}"
EndProject
Project("{9A19103F-16F7-4668-BE54-9A1E7A4F7556}") = "EventFeedbackSystem.Web", "src\EventFeedbackSystem.Web\EventFeedbackSystem.Web.csproj", "{A3DC14CB-1D80-4AD8-A9E6-74F30CD35B95}"
EndProject
Project("{9A19103F-16F7-4668-BE54-9A1E7A4F7556}") = "EventFeedbackSystem.Core", "src\EventFeedbackSystem.Core\EventFeedbackSystem.Core.csproj", "{EE6A7B30-5CFA-4E70-BA25-7DF6242FAC78}"
EndProject
Project("{9A19103F-16F7-4668-BE54-9A1E7A4F7556}") = "EventFeedbackSystem.Application", "src\EventFeedbackSystem.Application\EventFeedbackSystem.Application.csproj", "{021EBC9F-0368-49C6-BBE9-B807DAFAC4D5}"
EndProject
Project("{9A19103F-16F7-4668-BE54-9A1E7A4F7556}") = "EventFeedbackSystem.EntityFrameworkCore", "src\EventFeedbackSystem.EntityFrameworkCore\EventFeedbackSystem.EntityFrameworkCore.csproj", "{85B8C2E9-49D9-4211-856A-0C0C1B1DC6E2}"
EndProject
Project("{9A19103F-16F7-4668-BE54-9A1E7A4F7556}") = "EventFeedbackSystem.Application.Shared", "src\EventFeedbackSystem.Application.Shared\EventFeedbackSystem.Application.Shared.csproj", "{4AA0A51B-3364-4A5C-BEC1-3883A55CB58C}"
EndProject
Project("{2150E333-8FDC-42A3-9474-1A3956D46DE8}") = "Solution Items", "Solution Items", "{28289FD3-6006-40D9-8C00-D5C4EB88A325}"
	ProjectSection(SolutionItems) = preProject
		Dockerfile = Dockerfile
	EndProjectSection
EndProject
Global
	GlobalSection(SolutionConfigurationPlatforms) = preSolution
		Debug|Any CPU = Debug|Any CPU
		Release|Any CPU = Release|Any CPU
	EndGlobalSection
	GlobalSection(ProjectConfigurationPlatforms) = postSolution
		{A3DC14CB-1D80-4AD8-A9E6-74F30CD35B95}.Debug|Any CPU.ActiveCfg = Debug|Any CPU
		{A3DC14CB-1D80-4AD8-A9E6-74F30CD35B95}.Debug|Any CPU.Build.0 = Debug|Any CPU
		{A3DC14CB-1D80-4AD8-A9E6-74F30CD35B95}.Release|Any CPU.ActiveCfg = Release|Any CPU
		{A3DC14CB-1D80-4AD8-A9E6-74F30CD35B95}.Release|Any CPU.Build.0 = Release|Any CPU
		{EE6A7B30-5CFA-4E70-BA25-7DF6242FAC78}.Debug|Any CPU.ActiveCfg = Debug|Any CPU
		{EE6A7B30-5CFA-4E70-BA25-7DF6242FAC78}.Debug|Any CPU.Build.0 = Debug|Any CPU
		{EE6A7B30-5CFA-4E70-BA25-7DF6242FAC78}.Release|Any CPU.ActiveCfg = Release|Any CPU
		{EE6A7B30-5CFA-4E70-BA25-7DF6242FAC78}.Release|Any CPU.Build.0 = Release|Any CPU
		{021EBC9F-0368-49C6-BBE9-B807DAFAC4D5}.Debug|Any CPU.ActiveCfg = Debug|Any CPU
		{021EBC9F-0368-49C6-BBE9-B807DAFAC4D5}.Debug|Any CPU.Build.0 = Debug|Any CPU
		{021EBC9F-0368-49C6-BBE9-B807DAFAC4D5}.Release|Any CPU.ActiveCfg = Release|Any CPU
		{021EBC9F-0368-49C6-BBE9-B807DAFAC4D5}.Release|Any CPU.Build.0 = Release|Any CPU
		{85B8C2E9-49D9-4211-856A-0C0C1B1DC6E2}.Debug|Any CPU.ActiveCfg = Debug|Any CPU
		{85B8C2E9-49D9-4211-856A-0C0C1B1DC6E2}.Debug|Any CPU.Build.0 = Debug|Any CPU
		{85B8C2E9-49D9-4211-856A-0C0C1B1DC6E2}.Release|Any CPU.ActiveCfg = Release|Any CPU
		{85B8C2E9-49D9-4211-856A-0C0C1B1DC6E2}.Release|Any CPU.Build.0 = Release|Any CPU
		{4AA0A51B-3364-4A5C-BEC1-3883A55CB58C}.Debug|Any CPU.ActiveCfg = Debug|Any CPU
		{4AA0A51B-3364-4A5C-BEC1-3883A55CB58C}.Debug|Any CPU.Build.0 = Debug|Any CPU
		{4AA0A51B-3364-4A5C-BEC1-3883A55CB58C}.Release|Any CPU.ActiveCfg = Release|Any CPU
		{4AA0A51B-3364-4A5C-BEC1-3883A55CB58C}.Release|Any CPU.Build.0 = Release|Any CPU
	EndGlobalSection
	GlobalSection(SolutionProperties) = preSolution
		HideSolutionNode = FALSE
	EndGlobalSection
	GlobalSection(NestedProjects) = preSolution
		{A3DC14CB-1D80-4AD8-A9E6-74F30CD35B95} = {9449E4D8-FAA0-426B-B531-1E022BA6E366}
		{EE6A7B30-5CFA-4E70-BA25-7DF6242FAC78} = {9449E4D8-FAA0-426B-B531-1E022BA6E366}
		{021EBC9F-0368-49C6-BBE9-B807DAFAC4D5} = {9449E4D8-FAA0-426B-B531-1E022BA6E366}
		{85B8C2E9-49D9-4211-856A-0C0C1B1DC6E2} = {9449E4D8-FAA0-426B-B531-1E022BA6E366}
		{4AA0A51B-3364-4A5C-BEC1-3883A55CB58C} = {9449E4D8-FAA0-426B-B531-1E022BA6E366}
	EndGlobalSection
	GlobalSection(ExtensibilityGlobals) = postSolution
		SolutionGuid = {0EACD567-959C-4524-AB97-983647EDAB63}
	EndGlobalSection
EndGlobal
